
Microsoft Visual Studio Solution File, Format Version 12.00
# Visual Studio Version 16
VisualStudioVersion = 16.0.29709.97
MinimumVisualStudioVersion = 10.0.40219.1
Project("{FAE04EC0-301F-11D3-BF4B-00C04F79EFBC}") = "ExoMai3", "ExoMai3\ExoMai3.csproj", "{E920F024-18C7-4CBF-8525-C2C01DE43F34}"
EndProject
Project("{FAE04EC0-301F-11D3-BF4B-00C04F79EFBC}") = "UnitTasting", "UnitTasting\UnitTasting.csproj", "{3A0C7D4E-D907-4EC9-9762-BE2FF055F759}"
EndProject
Global
	GlobalSection(SolutionConfigurationPlatforms) = preSolution
		Debug|Any CPU = Debug|Any CPU
		Release|Any CPU = Release|Any CPU
	EndGlobalSection
	GlobalSection(ProjectConfigurationPlatforms) = postSolution
		{E920F024-18C7-4CBF-8525-C2C01DE43F34}.Debug|Any CPU.ActiveCfg = Debug|Any CPU
		{E920F024-18C7-4CBF-8525-C2C01DE43F34}.Debug|Any CPU.Build.0 = Debug|Any CPU
		{E920F024-18C7-4CBF-8525-C2C01DE43F34}.Release|Any CPU.ActiveCfg = Release|Any CPU
		{E920F024-18C7-4CBF-8525-C2C01DE43F34}.Release|Any CPU.Build.0 = Release|Any CPU
		{3A0C7D4E-D907-4EC9-9762-BE2FF055F759}.Debug|Any CPU.ActiveCfg = Debug|Any CPU
		{3A0C7D4E-D907-4EC9-9762-BE2FF055F759}.Debug|Any CPU.Build.0 = Debug|Any CPU
		{3A0C7D4E-D907-4EC9-9762-BE2FF055F759}.Release|Any CPU.ActiveCfg = Release|Any CPU
		{3A0C7D4E-D907-4EC9-9762-BE2FF055F759}.Release|Any CPU.Build.0 = Release|Any CPU
	EndGlobalSection
	GlobalSection(SolutionProperties) = preSolution
		HideSolutionNode = FALSE
	EndGlobalSection
	GlobalSection(ExtensibilityGlobals) = postSolution
		SolutionGuid = {A68C44E6-FE42-4980-9AB1-72883CFB9A5E}
	EndGlobalSection
EndGlobal
